dependencies:
- name: node-feature-discovery
  repository: oci://registry.k8s.io/nfd/charts
  version: 0.18.3
- name: gpu-operator
  repository: https://helm.ngc.nvidia.com/nvidia
  version: v26.3.3
- name: network-operator
  repository: https://helm.ngc.nvidia.com/nvidia
  version: 25.10.0
digest: sha256:2cd8b5ec7402b4f046a0bf1722a6b7b202b10b16d88eda5eccf8317df96ff565
generated: "2026-08-21T08:29:57.864376-04:00"
