dependencies:
- name: node-feature-discovery
  repository: oci://registry.k8s.io/nfd/charts
  version: 0.19.0
- name: gpu-operator
  repository: https://helm.ngc.nvidia.com/nvidia
  version: v26.7.0
- name: network-operator
  repository: https://helm.ngc.nvidia.com/nvidia
  version: 26.4.1
- name: dranet
  repository: oci://registry.k8s.io/networking/charts
  version: v1.4.0
digest: sha256:919247c5d76b19a85df08dfd70a5388ea535062561f80cab97a8545725ce7ee6
generated: "2026-09-14T16:17:58.905482+01:00"
